
Microsoft Visual Studio Solution File, Format Version 12.00
# Visual Studio Version 16
VisualStudioVersion = 16.0.33529.622
MinimumVisualStudioVersion = 10.0.40219.1
Project("{FAE04EC0-301F-11D3-BF4B-00C04F79EFBC}") = "Rehber(VeriTabani)", "Rehber(VeriTabani)\Rehber(VeriTabani).csproj", "{244B13BE-0A64-4D51-BE50-2D253BC33DB2}"
EndProject
Global
	GlobalSection(SolutionConfigurationPlatforms) = preSolution
		Debug|Any CPU = Debug|Any CPU
		Release|Any CPU = Release|Any CPU
	EndGlobalSection
	GlobalSection(ProjectConfigurationPlatforms) = postSolution
		{244B13BE-0A64-4D51-BE50-2D253BC33DB2}.Debug|Any CPU.ActiveCfg = Debug|Any CPU
		{244B13BE-0A64-4D51-BE50-2D253BC33DB2}.Debug|Any CPU.Build.0 = Debug|Any CPU
		{244B13BE-0A64-4D51-BE50-2D253BC33DB2}.Release|Any CPU.ActiveCfg = Release|Any CPU
		{244B13BE-0A64-4D51-BE50-2D253BC33DB2}.Release|Any CPU.Build.0 = Release|Any CPU
	EndGlobalSection
	GlobalSection(SolutionProperties) = preSolution
		HideSolutionNode = FALSE
	EndGlobalSection
	GlobalSection(ExtensibilityGlobals) = postSolution
		SolutionGuid = {FB2ECE8A-8AB9-4AD2-8CDB-0B5CDBD4B5FF}
	EndGlobalSection
EndGlobal
